
Microsoft Visual Studio Solution File, Format Version 11.00
# Visual Studio 2010
Project("{FAE04EC0-301F-11D3-BF4B-00C04F79EFBC}") = "DynamicData", "DynamicData\DynamicData.csproj", "{F7CC7F4E-25F6-42B1-952D-A0CFDFC41C67}"
EndProject
Project("{FAE04EC0-301F-11D3-BF4B-00C04F79EFBC}") = "DynamicData.Tests", "DynamicData.Tests\DynamicData.Tests.csproj", "{418515D9-5331-4E67-BC42-250CD3D321BF}"
EndProject
Global
	GlobalSection(SolutionConfigurationPlatforms) = preSolution
		Debug|Any CPU = Debug|Any CPU
		Release|Any CPU = Release|Any CPU
	EndGlobalSection
	GlobalSection(ProjectConfigurationPlatforms) = postSolution
		{F7CC7F4E-25F6-42B1-952D-A0CFDFC41C67}.Debug|Any CPU.ActiveCfg = Debug|Any CPU
		{F7CC7F4E-25F6-42B1-952D-A0CFDFC41C67}.Debug|Any CPU.Build.0 = Debug|Any CPU
		{F7CC7F4E-25F6-42B1-952D-A0CFDFC41C67}.Release|Any CPU.ActiveCfg = Release|Any CPU
		{F7CC7F4E-25F6-42B1-952D-A0CFDFC41C67}.Release|Any CPU.Build.0 = Release|Any CPU
		{418515D9-5331-4E67-BC42-250CD3D321BF}.Debug|Any CPU.ActiveCfg = Debug|Any CPU
		{418515D9-5331-4E67-BC42-250CD3D321BF}.Debug|Any CPU.Build.0 = Debug|Any CPU
		{418515D9-5331-4E67-BC42-250CD3D321BF}.Release|Any CPU.ActiveCfg = Release|Any CPU
		{418515D9-5331-4E67-BC42-250CD3D321BF}.Release|Any CPU.Build.0 = Release|Any CPU
	EndGlobalSection
	GlobalSection(SolutionProperties) = preSolution
		HideSolutionNode = FALSE
	EndGlobalSection
EndGlobal
